{
    "_meta": {
        "hash": {
            "sha256": "c43b7ee22f2f1a610d8f817360602f12f5e702505a27503ed698efc88828a7c7"
        },
        "pipfile-spec": 6,
        "requires": {
            "python_version": "3.11"
        },
        "sources": [
            {
                "name": "pypi",
                "url": "https://pypi.org/simple",
                "verify_ssl": true
            }
        ]
    },
    "default": {
        "blinker": {
            "hashes": [
                "sha256:c3f865d4d54db7abc53758a01601cf343fe55b84c1de4e3fa910e420b438d5b9",
                "sha256:e6820ff6fa4e4d1d8e2747c2283749c3f547e4fee112b98555cdcdae32996182"
            ],
            "markers": "python_version >= '3.8'",
            "version": "==1.7.0"
        },
        "bootstrap-flask": {
            "hashes": [
                "sha256:4c3d1f1b8ee19081dfc80e03aba5cb19cd92a8d54ba0ba98cee69acffded91d0",
                "sha256:8c40d846e12af0e66d673bcb883d8344fd5ea95244f54e5b119e680e000ccf49"
            ],
            "index": "pypi",
            "version": "==2.3.3"
        },
        "click": {
            "hashes": [
                "sha256:ae74fb96c20a0277a1d615f1e4d73c8414f5a98db8b799a7931d1582f3390c28",
                "sha256:ca9853ad459e787e2192211578cc907e7594e294c7ccc834310722b41b9ca6de"
            ],
            "markers": "python_version >= '3.7'",
            "version": "==8.1.7"
        },
        "flask": {
            "hashes": [
                "sha256:21128f47e4e3b9d597a3e8521a329bf56909b690fcc3fa3e477725aa81367638",
                "sha256:cfadcdb638b609361d29ec22360d6070a77d7463dcb3ab08d2c2f2f168845f58"
            ],
            "index": "pypi",
            "markers": "python_version >= '3.8'",
            "version": "==3.0.0"
        },
        "frozen-flask": {
            "hashes": [
                "sha256:86ea01ce8b8a4b2a8cc560cbf9c9f01470072b19162042301b0d97a05bc98add",
                "sha256:de639574e27714ade13f7570732784337538b79603555af15fce149c8130fe42"
            ],
            "index": "pypi",
            "markers": "python_version >= '3.8'",
            "version": "==1.0.1"
        },
        "itsdangerous": {
            "hashes": [
                "sha256:2c2349112351b88699d8d4b6b075022c0808887cb7ad10069318a8b0bc88db44",
                "sha256:5dbbc68b317e5e42f327f9021763545dc3fc3bfe22e6deb96aaf1fc38874156a"
            ],
            "markers": "python_version >= '3.7'",
            "version": "==2.1.2"
        },
        "jellyfish": {
            "hashes": [
                "sha256:010ebed019b7efa27171acb66ca5e7d4f40ab0b122663e6b4062ac22816b5d9a",
                "sha256:02611b975311694bc98789f03c12bbd679cba4a95b74d0f51f264a4bf7b14021",
                "sha256:0c289620b2a1931237b75f4a08f93531f3a9a0125a840c8a780e50688520b266",
                "sha256:0cbe9f573dfd0bffbe60fb6980d54e65c7772dec217c4bc68392141458c8406e",
                "sha256:1613e6623de71008c4b27250b8f2c5406104beff6487b9fe48af5089e06de2dd",
                "sha256:16cf6a55433ca4fe8f13d5ba96882a058d19030bcd8c50cdd8f62009c4106c55",
                "sha256:1d7b7fa3e0e6c7c83fc0fd1e3abce2fa7d72945c97da9bf9b84d396bbfcaf61a",
                "sha256:1fab569e574a40fa5e9268d0a00f38d808b997f777a0583e2b9ba135a9536a02",
                "sha256:26b07f9f957054a99573d51c40118aa1a400354da54e65d24cf22c41840f7a95",
                "sha256:2d28edaaae08b2af9babf39b2e7d30571217fbc70168d88fbdef414e53177ca8",
                "sha256:335f287613af3b23bb06ab216a78315b5cec877c84748c8927cb4e4e106fbe6f",
                "sha256:3aea11b9a0699bdaa0e15df2e3beeceb5cac82ab072b35f2997ecc3493240027",
                "sha256:3ded3e9b5aa82371281f494fbbfab9a0fa79b0a66bf529b63c109fe0328d23c5",
                "sha256:44cbafbe1bdf9e878ac144880d15f31ab79fb4f5fb22a7df55378519d80cfdcc",
                "sha256:4db605459280deefc2b3497932aeb2784c54ede2aec786a4120cf650281652ad",
                "sha256:4de595f3395e15a82f5a45c3265ea8fd594b19f62bbdc7349a3468bba63878a2",
                "sha256:4ea2777bbee00e896c9d5bb3a146f6e2387b3c83e0f9bdfa53aef824010ae14b",
                "sha256:519297c0f3bf119958012348354afb2c95cbc61f78b4807ff8d1378199f70a4a",
                "sha256:5204365138dbbd50f634cb246a4812f64d3b3054d32825c16c5176cae2171dcf",
                "sha256:54af2ca0db82b57c022aa3e3a5ed5fa57ac2b8ab3c005ecefc975a648bf771c6",
                "sha256:58385a72663e53d753c8c3131d609f35be841068ac319c507bc49c951333b394",
                "sha256:60e3b8e7e38b85df90f2e04eeed592fe1abc71941ce09e57a8956e21f05ce64f",
                "sha256:6245916cb73242828ba4f8f44dec3f149b96965848d59d3d66b1f809208dc39a",
                "sha256:654f2b1543b9927c4429bd5d66f98d1f47e6eb9a4e56212e1907fb4eea258c5a",
                "sha256:661c46b427a1c2a4b4343bda71354a37e897648239f8831d149eb1e7a2bf902c",
                "sha256:69a53c1ccf26ad480a277ee3147c7db9284511d79e1aa117855078423798d277",
                "sha256:6ba932f17566a21c009dac8167c0289dd2175c219eea3f3f695d043c50989f46",
                "sha256:6bff57058fb2c9ffefe4b683a4c61de58346603ef699f768f173a2a0637a0c16",
                "sha256:76c452ef0f0241fabbd6943abfccbcb29dc6078ccc1dcef066fe537bb518ad6e",
                "sha256:790ad5b36796f521189a609120689840540b3d7a44e64b7bc2007ebab6c96d52",
                "sha256:7be70324908f9f4be6c06278cd9be58d8a30b6d25f5eb7522537c5da08819ade",
                "sha256:7d38c2f19ec0b8b217678074b5ab56d9f44e075327b1fb0d2aa4a9e2968b27b5",
                "sha256:7d51a3cc18b1143f03c135ea34919daf2f87126c5e55b0f2e60e4616f1765f8d",
                "sha256:8f9f5f2af653696c29466a94bf0237c64fe21699d9416e0e94ca51863c1ce96a",
                "sha256:90fc8c600252072e48c5bc4e0e4d835c440c9c94f69e1d26a672328e17de3ec8",
                "sha256:91912106d47b5367704d3e222822750998610a12b1aa9b259eb38bf059aa2383",
                "sha256:9a92d5dce96711fad362399c8a569923b488ab108f531157ca381decc7096d7d",
                "sha256:9df6bb8ba3c6f2508dc030ed77e489f427d44cf24557a0a8ab2bba3c19af99d6",
                "sha256:9e2f7172d7c5fda4222f98247ab8d366a4ef879350b927dfbdefe1dd6dd83ef3",
                "sha256:a1b1ae7e64e9d58c0d4ce2278a229f3f7ead5eb2744f90369f3967f3c666f28f",
                "sha256:a9e70e018c9620378c95b28de6d597c6cf87cd0b9e9b446444468e7e411b159d",
                "sha256:b2e563bdaa9abb028b4a9bca9903aaa463a2bae7b05e7af50326d2c1ba959f8e",
                "sha256:b5136535cbf5535090ce99a1f56cfaec43f11f29277faf67241f4bf6f0b578bc",
                "sha256:bd8000a32da09cbb717d7434c39bf7421e7d8367a711fe617fa6addee3572740",
                "sha256:bfff0dc1d6d470183e8e0e76b798f81a7ccfaef92c409647dbc0fb4d0a01e1d5",
                "sha256:c82b72feca25036bda4ea4e355cc06707e61724e970672a987e76bf2b2fc6922",
                "sha256:cad06b9d0f76d5d030bcb8b86454e50aae8166b1c507d3d610743abcf8b7881a",
                "sha256:cd1a25a4ff4b75b8a91ba42f6a27a5f423d0cb1ae2f29090a99e0a29afdfefdc",
                "sha256:de3a153b1b915d8e37ce97c47b90ebad061624ae922bf3c250b1e0c3362c3ade",
                "sha256:de6c1d9f7e9d2e65e23774d792054bcc9b995d6fae447b0cf99e7be12926f28b",
                "sha256:e097c439f33eecdd85ef11a30158905c8e7d2888a163adbbe9f11c96af1af34b",
                "sha256:ec049a17942be3ecfd239a8fe9cf34caaf063ac9c14e700fe59b74528798aedd",
                "sha256:ed39ff56c19a4150f412b63e9835354c929f3d8108c586d604cc1c342f0ca34c",
                "sha256:f44546131011cbaa76f2a38d87faeec73524efa812d04b7d3edbf6e6e76c4969",
                "sha256:f7872acd036f2edf1bbe503ee26dd218216f62a9ab717d9d984a8504234cc484",
                "sha256:fdc44007f3f69b8637edc79e8fed0a75a3d4fc08209167aadbe4cf9724469e90",
                "sha256:ff959e48103f4c7a65a7fd67c5783d8939ecfbc3d3ad2b726030b0652e781e41"
            ],
            "markers": "python_version >= '3.7'",
            "version": "==0.11.2"
        },
        "jinja2": {
            "hashes": [
                "sha256:31351a702a408a9e7595a8fc6150fc3f43bb6bf7e319770cbc0db9df9437e852",
                "sha256:6088930bfe239f0e6710546ab9c19c9ef35e29792895fed6e6e31a023a182a61"
            ],
            "markers": "python_version >= '3.7'",
            "version": "==3.1.2"
        },
        "markupsafe": {
            "hashes": [
                "sha256:05fb21170423db021895e1ea1e1f3ab3adb85d1c2333cbc2310f2a26bc77272e",
                "sha256:0a4e4a1aff6c7ac4cd55792abf96c915634c2b97e3cc1c7129578aa68ebd754e",
                "sha256:10bbfe99883db80bdbaff2dcf681dfc6533a614f700da1287707e8a5d78a8431",
                "sha256:134da1eca9ec0ae528110ccc9e48041e0828d79f24121a1a146161103c76e686",
                "sha256:14ff806850827afd6b07a5f32bd917fb7f45b046ba40c57abdb636674a8b559c",
                "sha256:1577735524cdad32f9f694208aa75e422adba74f1baee7551620e43a3141f559",
                "sha256:1b40069d487e7edb2676d3fbdb2b0829ffa2cd63a2ec26c4938b2d34391b4ecc",
                "sha256:1b8dd8c3fd14349433c79fa8abeb573a55fc0fdd769133baac1f5e07abf54aeb",
                "sha256:1f67c7038d560d92149c060157d623c542173016c4babc0c1913cca0564b9939",
                "sha256:282c2cb35b5b673bbcadb33a585408104df04f14b2d9b01d4c345a3b92861c2c",
                "sha256:2c1b19b3aaacc6e57b7e25710ff571c24d6c3613a45e905b1fde04d691b98ee0",
                "sha256:2ef12179d3a291be237280175b542c07a36e7f60718296278d8593d21ca937d4",
                "sha256:338ae27d6b8745585f87218a3f23f1512dbf52c26c28e322dbe54bcede54ccb9",
                "sha256:3c0fae6c3be832a0a0473ac912810b2877c8cb9d76ca48de1ed31e1c68386575",
                "sha256:3fd4abcb888d15a94f32b75d8fd18ee162ca0c064f35b11134be77050296d6ba",
                "sha256:42de32b22b6b804f42c5d98be4f7e5e977ecdd9ee9b660fda1a3edf03b11792d",
                "sha256:47d4f1c5f80fc62fdd7777d0d40a2e9dda0a05883ab11374334f6c4de38adffd",
                "sha256:504b320cd4b7eff6f968eddf81127112db685e81f7e36e75f9f84f0df46041c3",
                "sha256:525808b8019e36eb524b8c68acdd63a37e75714eac50e988180b169d64480a00",
                "sha256:56d9f2ecac662ca1611d183feb03a3fa4406469dafe241673d521dd5ae92a155",
                "sha256:5bbe06f8eeafd38e5d0a4894ffec89378b6c6a625ff57e3028921f8ff59318ac",
                "sha256:65c1a9bcdadc6c28eecee2c119465aebff8f7a584dd719facdd9e825ec61ab52",
                "sha256:68e78619a61ecf91e76aa3e6e8e33fc4894a2bebe93410754bd28fce0a8a4f9f",
                "sha256:69c0f17e9f5a7afdf2cc9fb2d1ce6aabdb3bafb7f38017c0b77862bcec2bbad8",
                "sha256:6b2b56950d93e41f33b4223ead100ea0fe11f8e6ee5f641eb753ce4b77a7042b",
                "sha256:715d3562f79d540f251b99ebd6d8baa547118974341db04f5ad06d5ea3eb8007",
                "sha256:787003c0ddb00500e49a10f2844fac87aa6ce977b90b0feaaf9de23c22508b24",
                "sha256:7ef3cb2ebbf91e330e3bb937efada0edd9003683db6b57bb108c4001f37a02ea",
                "sha256:8023faf4e01efadfa183e863fefde0046de576c6f14659e8782065bcece22198",
                "sha256:8758846a7e80910096950b67071243da3e5a20ed2546e6392603c096778d48e0",
                "sha256:8afafd99945ead6e075b973fefa56379c5b5c53fd8937dad92c662da5d8fd5ee",
                "sha256:8c41976a29d078bb235fea9b2ecd3da465df42a562910f9022f1a03107bd02be",
                "sha256:8e254ae696c88d98da6555f5ace2279cf7cd5b3f52be2b5cf97feafe883b58d2",
                "sha256:8f9293864fe09b8149f0cc42ce56e3f0e54de883a9de90cd427f191c346eb2e1",
                "sha256:9402b03f1a1b4dc4c19845e5c749e3ab82d5078d16a2a4c2cd2df62d57bb0707",
                "sha256:962f82a3086483f5e5f64dbad880d31038b698494799b097bc59c2edf392fce6",
                "sha256:9aad3c1755095ce347e26488214ef77e0485a3c34a50c5a5e2471dff60b9dd9c",
                "sha256:9dcdfd0eaf283af041973bff14a2e143b8bd64e069f4c383416ecd79a81aab58",
                "sha256:aa57bd9cf8ae831a362185ee444e15a93ecb2e344c8e52e4d721ea3ab6ef1823",
                "sha256:aa7bd130efab1c280bed0f45501b7c8795f9fdbeb02e965371bbef3523627779",
                "sha256:ab4a0df41e7c16a1392727727e7998a467472d0ad65f3ad5e6e765015df08636",
                "sha256:ad9e82fb8f09ade1c3e1b996a6337afac2b8b9e365f926f5a61aacc71adc5b3c",
                "sha256:af598ed32d6ae86f1b747b82783958b1a4ab8f617b06fe68795c7f026abbdcad",
                "sha256:b076b6226fb84157e3f7c971a47ff3a679d837cf338547532ab866c57930dbee",
                "sha256:b7ff0f54cb4ff66dd38bebd335a38e2c22c41a8ee45aa608efc890ac3e3931bc",
                "sha256:bfce63a9e7834b12b87c64d6b155fdd9b3b96191b6bd334bf37db7ff1fe457f2",
                "sha256:c011a4149cfbcf9f03994ec2edffcb8b1dc2d2aede7ca243746df97a5d41ce48",
                "sha256:c9c804664ebe8f83a211cace637506669e7890fec1b4195b505c214e50dd4eb7",
                "sha256:ca379055a47383d02a5400cb0d110cef0a776fc644cda797db0c5696cfd7e18e",
                "sha256:cb0932dc158471523c9637e807d9bfb93e06a95cbf010f1a38b98623b929ef2b",
                "sha256:cd0f502fe016460680cd20aaa5a76d241d6f35a1c3350c474bac1273803893fa",
                "sha256:ceb01949af7121f9fc39f7d27f91be8546f3fb112c608bc4029aef0bab86a2a5",
                "sha256:d080e0a5eb2529460b30190fcfcc4199bd7f827663f858a226a81bc27beaa97e",
                "sha256:dd15ff04ffd7e05ffcb7fe79f1b98041b8ea30ae9234aed2a9168b5797c3effb",
                "sha256:df0be2b576a7abbf737b1575f048c23fb1d769f267ec4358296f31c2479db8f9",
                "sha256:e09031c87a1e51556fdcb46e5bd4f59dfb743061cf93c4d6831bf894f125eb57",
                "sha256:e4dd52d80b8c83fdce44e12478ad2e85c64ea965e75d66dbeafb0a3e77308fcc",
                "sha256:f698de3fd0c4e6972b92290a45bd9b1536bffe8c6759c62471efaa8acb4c37bc",
                "sha256:fec21693218efe39aa7f8599346e90c705afa52c5b31ae019b2e57e8f6542bb2",
                "sha256:ffcc3f7c66b5f5b7931a5aa68fc9cecc51e685ef90282f4a82f0f5e9b704ad11"
            ],
            "markers": "python_version >= '3.7'",
            "version": "==2.1.3"
        },
        "us": {
            "hashes": [
                "sha256:e347963e8d24a1ca7437af443fa68591776847b50c8650d8ef0eb53482e705c2"
            ],
            "index": "pypi",
            "version": "==3.1.1"
        },
        "werkzeug": {
            "hashes": [
                "sha256:507e811ecea72b18a404947aded4b3390e1db8f826b494d76550ef45bb3b1dcc",
                "sha256:90a285dc0e42ad56b34e696398b8122ee4c681833fb35b8334a095d82c56da10"
            ],
            "markers": "python_version >= '3.8'",
            "version": "==3.0.1"
        },
        "wtforms": {
            "hashes": [
                "sha256:5e51df8af9a60f6beead75efa10975e97768825a82146a65c7cbf5b915990620",
                "sha256:ae7c54b29806c70f7bce8eb9f24afceb10ca5c32af3d9f04f74d2f66ccc5c7e0"
            ],
            "markers": "python_version >= '3.8'",
            "version": "==3.1.1"
        }
    },
    "develop": {}
}
