{
    "_meta": {
        "hash": {
            "sha256": "94dab5f1ece5609e9a625c18ac5e4e1f5a1e10476299d36fcdbdcb5c20c2a083"
        },
        "pipfile-spec": 6,
        "requires": {
            "python_version": "3.8"
        },
        "sources": [
            {
                "name": "pypi",
                "url": "https://pypi.org/simple",
                "verify_ssl": true
            }
        ]
    },
    "default": {
        "blinker": {
            "hashes": [
                "sha256:c3f865d4d54db7abc53758a01601cf343fe55b84c1de4e3fa910e420b438d5b9",
                "sha256:e6820ff6fa4e4d1d8e2747c2283749c3f547e4fee112b98555cdcdae32996182"
            ],
            "markers": "python_version >= '3.8'",
            "version": "==1.7.0"
        },
        "bootstrap-flask": {
            "hashes": [
                "sha256:4c3d1f1b8ee19081dfc80e03aba5cb19cd92a8d54ba0ba98cee69acffded91d0",
                "sha256:8c40d846e12af0e66d673bcb883d8344fd5ea95244f54e5b119e680e000ccf49"
            ],
            "index": "pypi",
            "version": "==2.3.3"
        },
        "click": {
            "hashes": [
                "sha256:ae74fb96c20a0277a1d615f1e4d73c8414f5a98db8b799a7931d1582f3390c28",
                "sha256:ca9853ad459e787e2192211578cc907e7594e294c7ccc834310722b41b9ca6de"
            ],
            "markers": "python_version >= '3.7'",
            "version": "==8.1.7"
        },
        "flask": {
            "hashes": [
                "sha256:3232e0e9c850d781933cf0207523d1ece087eb8d87b23777ae38456e2fbe7c6e",
                "sha256:822c03f4b799204250a7ee84b1eddc40665395333973dfb9deebfe425fefcb7d"
            ],
            "index": "pypi",
            "markers": "python_version >= '3.8'",
            "version": "==3.0.2"
        },
        "frozen-flask": {
            "hashes": [
                "sha256:86ea01ce8b8a4b2a8cc560cbf9c9f01470072b19162042301b0d97a05bc98add",
                "sha256:de639574e27714ade13f7570732784337538b79603555af15fce149c8130fe42"
            ],
            "index": "pypi",
            "markers": "python_version >= '3.8'",
            "version": "==1.0.1"
        },
        "importlib-metadata": {
            "hashes": [
                "sha256:4805911c3a4ec7c3966410053e9ec6a1fecd629117df5adee56dfc9432a1081e",
                "sha256:f238736bb06590ae52ac1fab06a3a9ef1d8dce2b7a35b5ab329371d6c8f5d2cc"
            ],
            "markers": "python_version < '3.10'",
            "version": "==7.0.1"
        },
        "itsdangerous": {
            "hashes": [
                "sha256:2c2349112351b88699d8d4b6b075022c0808887cb7ad10069318a8b0bc88db44",
                "sha256:5dbbc68b317e5e42f327f9021763545dc3fc3bfe22e6deb96aaf1fc38874156a"
            ],
            "markers": "python_version >= '3.7'",
            "version": "==2.1.2"
        },
        "jellyfish": {
            "hashes": [
                "sha256:010ebed019b7efa27171acb66ca5e7d4f40ab0b122663e6b4062ac22816b5d9a",
                "sha256:02611b975311694bc98789f03c12bbd679cba4a95b74d0f51f264a4bf7b14021",
                "sha256:0c289620b2a1931237b75f4a08f93531f3a9a0125a840c8a780e50688520b266",
                "sha256:0cbe9f573dfd0bffbe60fb6980d54e65c7772dec217c4bc68392141458c8406e",
                "sha256:1613e6623de71008c4b27250b8f2c5406104beff6487b9fe48af5089e06de2dd",
                "sha256:16cf6a55433ca4fe8f13d5ba96882a058d19030bcd8c50cdd8f62009c4106c55",
                "sha256:1d7b7fa3e0e6c7c83fc0fd1e3abce2fa7d72945c97da9bf9b84d396bbfcaf61a",
                "sha256:1fab569e574a40fa5e9268d0a00f38d808b997f777a0583e2b9ba135a9536a02",
                "sha256:26b07f9f957054a99573d51c40118aa1a400354da54e65d24cf22c41840f7a95",
                "sha256:2d28edaaae08b2af9babf39b2e7d30571217fbc70168d88fbdef414e53177ca8",
                "sha256:335f287613af3b23bb06ab216a78315b5cec877c84748c8927cb4e4e106fbe6f",
                "sha256:3aea11b9a0699bdaa0e15df2e3beeceb5cac82ab072b35f2997ecc3493240027",
                "sha256:3ded3e9b5aa82371281f494fbbfab9a0fa79b0a66bf529b63c109fe0328d23c5",
                "sha256:44cbafbe1bdf9e878ac144880d15f31ab79fb4f5fb22a7df55378519d80cfdcc",
                "sha256:4db605459280deefc2b3497932aeb2784c54ede2aec786a4120cf650281652ad",
                "sha256:4de595f3395e15a82f5a45c3265ea8fd594b19f62bbdc7349a3468bba63878a2",
                "sha256:4ea2777bbee00e896c9d5bb3a146f6e2387b3c83e0f9bdfa53aef824010ae14b",
                "sha256:519297c0f3bf119958012348354afb2c95cbc61f78b4807ff8d1378199f70a4a",
                "sha256:5204365138dbbd50f634cb246a4812f64d3b3054d32825c16c5176cae2171dcf",
                "sha256:54af2ca0db82b57c022aa3e3a5ed5fa57ac2b8ab3c005ecefc975a648bf771c6",
                "sha256:58385a72663e53d753c8c3131d609f35be841068ac319c507bc49c951333b394",
                "sha256:60e3b8e7e38b85df90f2e04eeed592fe1abc71941ce09e57a8956e21f05ce64f",
                "sha256:6245916cb73242828ba4f8f44dec3f149b96965848d59d3d66b1f809208dc39a",
                "sha256:654f2b1543b9927c4429bd5d66f98d1f47e6eb9a4e56212e1907fb4eea258c5a",
                "sha256:661c46b427a1c2a4b4343bda71354a37e897648239f8831d149eb1e7a2bf902c",
                "sha256:69a53c1ccf26ad480a277ee3147c7db9284511d79e1aa117855078423798d277",
                "sha256:6ba932f17566a21c009dac8167c0289dd2175c219eea3f3f695d043c50989f46",
                "sha256:6bff57058fb2c9ffefe4b683a4c61de58346603ef699f768f173a2a0637a0c16",
                "sha256:76c452ef0f0241fabbd6943abfccbcb29dc6078ccc1dcef066fe537bb518ad6e",
                "sha256:790ad5b36796f521189a609120689840540b3d7a44e64b7bc2007ebab6c96d52",
                "sha256:7be70324908f9f4be6c06278cd9be58d8a30b6d25f5eb7522537c5da08819ade",
                "sha256:7d38c2f19ec0b8b217678074b5ab56d9f44e075327b1fb0d2aa4a9e2968b27b5",
                "sha256:7d51a3cc18b1143f03c135ea34919daf2f87126c5e55b0f2e60e4616f1765f8d",
                "sha256:8f9f5f2af653696c29466a94bf0237c64fe21699d9416e0e94ca51863c1ce96a",
                "sha256:90fc8c600252072e48c5bc4e0e4d835c440c9c94f69e1d26a672328e17de3ec8",
                "sha256:91912106d47b5367704d3e222822750998610a12b1aa9b259eb38bf059aa2383",
                "sha256:9a92d5dce96711fad362399c8a569923b488ab108f531157ca381decc7096d7d",
                "sha256:9df6bb8ba3c6f2508dc030ed77e489f427d44cf24557a0a8ab2bba3c19af99d6",
                "sha256:9e2f7172d7c5fda4222f98247ab8d366a4ef879350b927dfbdefe1dd6dd83ef3",
                "sha256:a1b1ae7e64e9d58c0d4ce2278a229f3f7ead5eb2744f90369f3967f3c666f28f",
                "sha256:a9e70e018c9620378c95b28de6d597c6cf87cd0b9e9b446444468e7e411b159d",
                "sha256:b2e563bdaa9abb028b4a9bca9903aaa463a2bae7b05e7af50326d2c1ba959f8e",
                "sha256:b5136535cbf5535090ce99a1f56cfaec43f11f29277faf67241f4bf6f0b578bc",
                "sha256:bd8000a32da09cbb717d7434c39bf7421e7d8367a711fe617fa6addee3572740",
                "sha256:bfff0dc1d6d470183e8e0e76b798f81a7ccfaef92c409647dbc0fb4d0a01e1d5",
                "sha256:c82b72feca25036bda4ea4e355cc06707e61724e970672a987e76bf2b2fc6922",
                "sha256:cad06b9d0f76d5d030bcb8b86454e50aae8166b1c507d3d610743abcf8b7881a",
                "sha256:cd1a25a4ff4b75b8a91ba42f6a27a5f423d0cb1ae2f29090a99e0a29afdfefdc",
                "sha256:de3a153b1b915d8e37ce97c47b90ebad061624ae922bf3c250b1e0c3362c3ade",
                "sha256:de6c1d9f7e9d2e65e23774d792054bcc9b995d6fae447b0cf99e7be12926f28b",
                "sha256:e097c439f33eecdd85ef11a30158905c8e7d2888a163adbbe9f11c96af1af34b",
                "sha256:ec049a17942be3ecfd239a8fe9cf34caaf063ac9c14e700fe59b74528798aedd",
                "sha256:ed39ff56c19a4150f412b63e9835354c929f3d8108c586d604cc1c342f0ca34c",
                "sha256:f44546131011cbaa76f2a38d87faeec73524efa812d04b7d3edbf6e6e76c4969",
                "sha256:f7872acd036f2edf1bbe503ee26dd218216f62a9ab717d9d984a8504234cc484",
                "sha256:fdc44007f3f69b8637edc79e8fed0a75a3d4fc08209167aadbe4cf9724469e90",
                "sha256:ff959e48103f4c7a65a7fd67c5783d8939ecfbc3d3ad2b726030b0652e781e41"
            ],
            "markers": "python_version >= '3.7'",
            "version": "==0.11.2"
        },
        "jinja2": {
            "hashes": [
                "sha256:7d6d50dd97d52cbc355597bd845fabfbac3f551e1f99619e39a35ce8c370b5fa",
                "sha256:ac8bd6544d4bb2c9792bf3a159e80bba8fda7f07e81bc3aed565432d5925ba90"
            ],
            "markers": "python_version >= '3.7'",
            "version": "==3.1.3"
        },
        "markupsafe": {
            "hashes": [
                "sha256:00e046b6dd71aa03a41079792f8473dc494d564611a8f89bbbd7cb93295ebdcf",
                "sha256:075202fa5b72c86ad32dc7d0b56024ebdbcf2048c0ba09f1cde31bfdd57bcfff",
                "sha256:0e397ac966fdf721b2c528cf028494e86172b4feba51d65f81ffd65c63798f3f",
                "sha256:17b950fccb810b3293638215058e432159d2b71005c74371d784862b7e4683f3",
                "sha256:1f3fbcb7ef1f16e48246f704ab79d79da8a46891e2da03f8783a5b6fa41a9532",
                "sha256:2174c595a0d73a3080ca3257b40096db99799265e1c27cc5a610743acd86d62f",
                "sha256:2b7c57a4dfc4f16f7142221afe5ba4e093e09e728ca65c51f5620c9aaeb9a617",
                "sha256:2d2d793e36e230fd32babe143b04cec8a8b3eb8a3122d2aceb4a371e6b09b8df",
                "sha256:30b600cf0a7ac9234b2638fbc0fb6158ba5bdcdf46aeb631ead21248b9affbc4",
                "sha256:397081c1a0bfb5124355710fe79478cdbeb39626492b15d399526ae53422b906",
                "sha256:3a57fdd7ce31c7ff06cdfbf31dafa96cc533c21e443d57f5b1ecc6cdc668ec7f",
                "sha256:3c6b973f22eb18a789b1460b4b91bf04ae3f0c4234a0a6aa6b0a92f6f7b951d4",
                "sha256:3e53af139f8579a6d5f7b76549125f0d94d7e630761a2111bc431fd820e163b8",
                "sha256:4096e9de5c6fdf43fb4f04c26fb114f61ef0bf2e5604b6ee3019d51b69e8c371",
                "sha256:4275d846e41ecefa46e2015117a9f491e57a71ddd59bbead77e904dc02b1bed2",
                "sha256:4c31f53cdae6ecfa91a77820e8b151dba54ab528ba65dfd235c80b086d68a465",
                "sha256:4f11aa001c540f62c6166c7726f71f7573b52c68c31f014c25cc7901deea0b52",
                "sha256:5049256f536511ee3f7e1b3f87d1d1209d327e818e6ae1365e8653d7e3abb6a6",
                "sha256:58c98fee265677f63a4385256a6d7683ab1832f3ddd1e66fe948d5880c21a169",
                "sha256:598e3276b64aff0e7b3451b72e94fa3c238d452e7ddcd893c3ab324717456bad",
                "sha256:5b7b716f97b52c5a14bffdf688f971b2d5ef4029127f1ad7a513973cfd818df2",
                "sha256:5dedb4db619ba5a2787a94d877bc8ffc0566f92a01c0ef214865e54ecc9ee5e0",
                "sha256:619bc166c4f2de5caa5a633b8b7326fbe98e0ccbfacabd87268a2b15ff73a029",
                "sha256:629ddd2ca402ae6dbedfceeba9c46d5f7b2a61d9749597d4307f943ef198fc1f",
                "sha256:656f7526c69fac7f600bd1f400991cc282b417d17539a1b228617081106feb4a",
                "sha256:6ec585f69cec0aa07d945b20805be741395e28ac1627333b1c5b0105962ffced",
                "sha256:72b6be590cc35924b02c78ef34b467da4ba07e4e0f0454a2c5907f473fc50ce5",
                "sha256:7502934a33b54030eaf1194c21c692a534196063db72176b0c4028e140f8f32c",
                "sha256:7a68b554d356a91cce1236aa7682dc01df0edba8d043fd1ce607c49dd3c1edcf",
                "sha256:7b2e5a267c855eea6b4283940daa6e88a285f5f2a67f2220203786dfa59b37e9",
                "sha256:823b65d8706e32ad2df51ed89496147a42a2a6e01c13cfb6ffb8b1e92bc910bb",
                "sha256:8590b4ae07a35970728874632fed7bd57b26b0102df2d2b233b6d9d82f6c62ad",
                "sha256:8dd717634f5a044f860435c1d8c16a270ddf0ef8588d4887037c5028b859b0c3",
                "sha256:8dec4936e9c3100156f8a2dc89c4b88d5c435175ff03413b443469c7c8c5f4d1",
                "sha256:97cafb1f3cbcd3fd2b6fbfb99ae11cdb14deea0736fc2b0952ee177f2b813a46",
                "sha256:a17a92de5231666cfbe003f0e4b9b3a7ae3afb1ec2845aadc2bacc93ff85febc",
                "sha256:a549b9c31bec33820e885335b451286e2969a2d9e24879f83fe904a5ce59d70a",
                "sha256:ac07bad82163452a6884fe8fa0963fb98c2346ba78d779ec06bd7a6262132aee",
                "sha256:ae2ad8ae6ebee9d2d94b17fb62763125f3f374c25618198f40cbb8b525411900",
                "sha256:b91c037585eba9095565a3556f611e3cbfaa42ca1e865f7b8015fe5c7336d5a5",
                "sha256:bc1667f8b83f48511b94671e0e441401371dfd0f0a795c7daa4a3cd1dde55bea",
                "sha256:bec0a414d016ac1a18862a519e54b2fd0fc8bbfd6890376898a6c0891dd82e9f",
                "sha256:bf50cd79a75d181c9181df03572cdce0fbb75cc353bc350712073108cba98de5",
                "sha256:bff1b4290a66b490a2f4719358c0cdcd9bafb6b8f061e45c7a2460866bf50c2e",
                "sha256:c061bb86a71b42465156a3ee7bd58c8c2ceacdbeb95d05a99893e08b8467359a",
                "sha256:c8b29db45f8fe46ad280a7294f5c3ec36dbac9491f2d1c17345be8e69cc5928f",
                "sha256:ce409136744f6521e39fd8e2a24c53fa18ad67aa5bc7c2cf83645cce5b5c4e50",
                "sha256:d050b3361367a06d752db6ead6e7edeb0009be66bc3bae0ee9d97fb326badc2a",
                "sha256:d283d37a890ba4c1ae73ffadf8046435c76e7bc2247bbb63c00bd1a709c6544b",
                "sha256:d9fad5155d72433c921b782e58892377c44bd6252b5af2f67f16b194987338a4",
                "sha256:daa4ee5a243f0f20d528d939d06670a298dd39b1ad5f8a72a4275124a7819eff",
                "sha256:db0b55e0f3cc0be60c1f19efdde9a637c32740486004f20d1cff53c3c0ece4d2",
                "sha256:e61659ba32cf2cf1481e575d0462554625196a1f2fc06a1c777d3f48e8865d46",
                "sha256:ea3d8a3d18833cf4304cd2fc9cbb1efe188ca9b5efef2bdac7adc20594a0e46b",
                "sha256:ec6a563cff360b50eed26f13adc43e61bc0c04d94b8be985e6fb24b81f6dcfdf",
                "sha256:f5dfb42c4604dddc8e4305050aa6deb084540643ed5804d7455b5df8fe16f5e5",
                "sha256:fa173ec60341d6bb97a89f5ea19c85c5643c1e7dedebc22f5181eb73573142c5",
                "sha256:fa9db3f79de01457b03d4f01b34cf91bc0048eb2c3846ff26f66687c2f6d16ab",
                "sha256:fce659a462a1be54d2ffcacea5e3ba2d74daa74f30f5f143fe0c58636e355fdd",
                "sha256:ffee1f21e5ef0d712f9033568f8344d5da8cc2869dbd08d87c84656e6a2d2f68"
            ],
            "markers": "python_version >= '3.7'",
            "version": "==2.1.5"
        },
        "us": {
            "hashes": [
                "sha256:e347963e8d24a1ca7437af443fa68591776847b50c8650d8ef0eb53482e705c2"
            ],
            "index": "pypi",
            "version": "==3.1.1"
        },
        "werkzeug": {
            "hashes": [
                "sha256:507e811ecea72b18a404947aded4b3390e1db8f826b494d76550ef45bb3b1dcc",
                "sha256:90a285dc0e42ad56b34e696398b8122ee4c681833fb35b8334a095d82c56da10"
            ],
            "markers": "python_version >= '3.8'",
            "version": "==3.0.1"
        },
        "wtforms": {
            "hashes": [
                "sha256:bf831c042829c8cdbad74c27575098d541d039b1faa74c771545ecac916f2c07",
                "sha256:f8d76180d7239c94c6322f7990ae1216dae3659b7aa1cee94b6318bdffb474b9"
            ],
            "markers": "python_version >= '3.8'",
            "version": "==3.1.2"
        },
        "zipp": {
            "hashes": [
                "sha256:0e923e726174922dce09c53c59ad483ff7bbb8e572e00c7f7c46b88556409f31",
                "sha256:84e64a1c28cf7e91ed2078bb8cc8c259cb19b76942096c8d7b84947690cabaf0"
            ],
            "markers": "python_version >= '3.8'",
            "version": "==3.17.0"
        }
    },
    "develop": {
        "black": {
            "hashes": [
                "sha256:0269dfdea12442022e88043d2910429bed717b2d04523867a85dacce535916b8",
                "sha256:07204d078e25327aad9ed2c64790d681238686bce254c910de640c7cc4fc3aa6",
                "sha256:08b34e85170d368c37ca7bf81cf67ac863c9d1963b2c1780c39102187ec8dd62",
                "sha256:1a95915c98d6e32ca43809d46d932e2abc5f1f7d582ffbe65a5b4d1588af7445",
                "sha256:2588021038bd5ada078de606f2a804cadd0a3cc6a79cb3e9bb3a8bf581325a4c",
                "sha256:2fa6a0e965779c8f2afb286f9ef798df770ba2b6cee063c650b96adec22c056a",
                "sha256:34afe9da5056aa123b8bfda1664bfe6fb4e9c6f311d8e4a6eb089da9a9173bf9",
                "sha256:3897ae5a21ca132efa219c029cce5e6bfc9c3d34ed7e892113d199c0b1b444a2",
                "sha256:40657e1b78212d582a0edecafef133cf1dd02e6677f539b669db4746150d38f6",
                "sha256:48b5760dcbfe5cf97fd4fba23946681f3a81514c6ab8a45b50da67ac8fbc6c7b",
                "sha256:5242ecd9e990aeb995b6d03dc3b2d112d4a78f2083e5a8e86d566340ae80fec4",
                "sha256:5cdc2e2195212208fbcae579b931407c1fa9997584f0a415421748aeafff1168",
                "sha256:5d7b06ea8816cbd4becfe5f70accae953c53c0e53aa98730ceccb0395520ee5d",
                "sha256:7258c27115c1e3b5de9ac6c4f9957e3ee2c02c0b39222a24dc7aa03ba0e986f5",
                "sha256:854c06fb86fd854140f37fb24dbf10621f5dab9e3b0c29a690ba595e3d543024",
                "sha256:a21725862d0e855ae05da1dd25e3825ed712eaaccef6b03017fe0853a01aa45e",
                "sha256:a83fe522d9698d8f9a101b860b1ee154c1d25f8a82ceb807d319f085b2627c5b",
                "sha256:b3d64db762eae4a5ce04b6e3dd745dcca0fb9560eb931a5be97472e38652a161",
                "sha256:e298d588744efda02379521a19639ebcd314fba7a49be22136204d7ed1782717",
                "sha256:e2c8dfa14677f90d976f68e0c923947ae68fa3961d61ee30976c388adc0b02c8",
                "sha256:ecba2a15dfb2d97105be74bbfe5128bc5e9fa8477d8c46766505c1dda5883aac",
                "sha256:fc1ec9aa6f4d98d022101e015261c056ddebe3da6a8ccfc2c792cbe0349d48b7"
            ],
            "index": "pypi",
            "markers": "python_version >= '3.8'",
            "version": "==24.1.1"
        },
        "click": {
            "hashes": [
                "sha256:ae74fb96c20a0277a1d615f1e4d73c8414f5a98db8b799a7931d1582f3390c28",
                "sha256:ca9853ad459e787e2192211578cc907e7594e294c7ccc834310722b41b9ca6de"
            ],
            "markers": "python_version >= '3.7'",
            "version": "==8.1.7"
        },
        "flake8": {
            "hashes": [
                "sha256:33f96621059e65eec474169085dc92bf26e7b2d47366b70be2f67ab80dc25132",
                "sha256:a6dfbb75e03252917f2473ea9653f7cd799c3064e54d4c8140044c5c065f53c3"
            ],
            "index": "pypi",
            "markers": "python_full_version >= '3.8.1'",
            "version": "==7.0.0"
        },
        "isort": {
            "hashes": [
                "sha256:48fdfcb9face5d58a4f6dde2e72a1fb8dcaf8ab26f95ab49fab84c2ddefb0109",
                "sha256:8ca5e72a8d85860d5a3fa69b8745237f2939afe12dbf656afbcb47fe72d947a6"
            ],
            "index": "pypi",
            "markers": "python_full_version >= '3.8.0'",
            "version": "==5.13.2"
        },
        "mccabe": {
            "hashes": [
                "sha256:348e0240c33b60bbdf4e523192ef919f28cb2c3d7d5c7794f74009290f236325",
                "sha256:6c2d30ab6be0e4a46919781807b4f0d834ebdd6c6e3dca0bda5a15f863427b6e"
            ],
            "markers": "python_version >= '3.6'",
            "version": "==0.7.0"
        },
        "mypy-extensions": {
            "hashes": [
                "sha256:4392f6c0eb8a5668a69e23d168ffa70f0be9ccfd32b5cc2d26a34ae5b844552d",
                "sha256:75dbf8955dc00442a438fc4d0666508a9a97b6bd41aa2f0ffe9d2f2725af0782"
            ],
            "markers": "python_version >= '3.5'",
            "version": "==1.0.0"
        },
        "packaging": {
            "hashes": [
                "sha256:048fb0e9405036518eaaf48a55953c750c11e1a1b68e0dd1a9d62ed0c092cfc5",
                "sha256:8c491190033a9af7e1d931d0b5dacc2ef47509b34dd0de67ed209b5203fc88c7"
            ],
            "markers": "python_version >= '3.7'",
            "version": "==23.2"
        },
        "pathspec": {
            "hashes": [
                "sha256:a0d503e138a4c123b27490a4f7beda6a01c6f288df0e4a8b79c7eb0dc7b4cc08",
                "sha256:a482d51503a1ab33b1c67a6c3813a26953dbdc71c31dacaef9a838c4e29f5712"
            ],
            "markers": "python_version >= '3.8'",
            "version": "==0.12.1"
        },
        "platformdirs": {
            "hashes": [
                "sha256:0614df2a2f37e1a662acbd8e2b25b92ccf8632929bc6d43467e17fe89c75e068",
                "sha256:ef0cc731df711022c174543cb70a9b5bd22e5a9337c8624ef2c2ceb8ddad8768"
            ],
            "markers": "python_version >= '3.8'",
            "version": "==4.2.0"
        },
        "pycodestyle": {
            "hashes": [
                "sha256:41ba0e7afc9752dfb53ced5489e89f8186be00e599e712660695b7a75ff2663f",
                "sha256:44fe31000b2d866f2e41841b18528a505fbd7fef9017b04eff4e2648a0fadc67"
            ],
            "markers": "python_version >= '3.8'",
            "version": "==2.11.1"
        },
        "pyflakes": {
            "hashes": [
                "sha256:1c61603ff154621fb2a9172037d84dca3500def8c8b630657d1701f026f8af3f",
                "sha256:84b5be138a2dfbb40689ca07e2152deb896a65c3a3e24c251c5c62489568074a"
            ],
            "markers": "python_version >= '3.8'",
            "version": "==3.2.0"
        },
        "tomli": {
            "hashes": [
                "sha256:939de3e7a6161af0c887ef91b7d41a53e7c5a1ca976325f429cb46ea9bc30ecc",
                "sha256:de526c12914f0c550d15924c62d72abc48d6fe7364aa87328337a31007fe8a4f"
            ],
            "markers": "python_version < '3.11'",
            "version": "==2.0.1"
        },
        "typing-extensions": {
            "hashes": [
                "sha256:23478f88c37f27d76ac8aee6c905017a143b0b1b886c3c9f66bc2fd94f9f5783",
                "sha256:af72aea155e91adfc61c3ae9e0e342dbc0cba726d6cba4b6c72c1f34e47291cd"
            ],
            "markers": "python_version < '3.11'",
            "version": "==4.9.0"
        }
    }
}
